
Microsoft Visual Studio Solution File, Format Version 12.00
# Visual Studio Version 16
VisualStudioVersion = 16.0.32002.261
MinimumVisualStudioVersion = 10.0.40219.1
Project("{8BC9CEB8-8B4A-11D0-8D11-00A0C91BC942}") = "${ProjectName}", "${ProjectName}.vcxproj", "{AFDE9B80-4213-4D2E-9F1A-AC836C84700B}"
EndProject
Global
	GlobalSection(SolutionConfigurationPlatforms) = preSolution
		Debug|x86 = Debug|x86
		Release|x86 = Release|x86
	EndGlobalSection
	GlobalSection(ProjectConfigurationPlatforms) = postSolution
		{AFDE9B80-4213-4D2E-9F1A-AC836C84700B}.Debug|x86.ActiveCfg = Debug|Win32
		{AFDE9B80-4213-4D2E-9F1A-AC836C84700B}.Debug|x86.Build.0 = Debug|Win32
		{AFDE9B80-4213-4D2E-9F1A-AC836C84700B}.Release|x86.ActiveCfg = Release|Win32
		{AFDE9B80-4213-4D2E-9F1A-AC836C84700B}.Release|x86.Build.0 = Release|Win32
	EndGlobalSection
	GlobalSection(SolutionProperties) = preSolution
		HideSolutionNode = FALSE
	EndGlobalSection
	GlobalSection(ExtensibilityGlobals) = postSolution
		SolutionGuid = {DC67FEDB-B3BE-494C-9F76-1E1AEAB0C956}
	EndGlobalSection
EndGlobal
