
Microsoft Visual Studio Solution File, Format Version 12.00
# Visual Studio Version 16
VisualStudioVersion = 16.0.30907.101
MinimumVisualStudioVersion = 10.0.40219.1
Project("{9A19103F-16F7-4668-BE54-9A1E7A4F7556}") = "WPF_XAMLTeeChart", "WPF_XAMLTeeChart.csproj", "{A76D9B38-8E0F-4234-9FE9-E830124F3A05}"
EndProject
Global
	GlobalSection(SolutionConfigurationPlatforms) = preSolution
		Debug|Any CPU = Debug|Any CPU
		Release|Any CPU = Release|Any CPU
	EndGlobalSection
	GlobalSection(ProjectConfigurationPlatforms) = postSolution
		{A76D9B38-8E0F-4234-9FE9-E830124F3A05}.Debug|Any CPU.ActiveCfg = Debug|Any CPU
		{A76D9B38-8E0F-4234-9FE9-E830124F3A05}.Debug|Any CPU.Build.0 = Debug|Any CPU
		{A76D9B38-8E0F-4234-9FE9-E830124F3A05}.Release|Any CPU.ActiveCfg = Release|Any CPU
		{A76D9B38-8E0F-4234-9FE9-E830124F3A05}.Release|Any CPU.Build.0 = Release|Any CPU
	EndGlobalSection
	GlobalSection(SolutionProperties) = preSolution
		HideSolutionNode = FALSE
	EndGlobalSection
	GlobalSection(ExtensibilityGlobals) = postSolution
		SolutionGuid = {6450ADD7-AAE4-400E-83AC-6A1ED9475001}
	EndGlobalSection
EndGlobal
