
Microsoft Visual Studio Solution File, Format Version 12.00
# Visual Studio Version 17
VisualStudioVersion = 17.0.32014.148
MinimumVisualStudioVersion = 10.0.40219.1
Project("{FAE04EC0-301F-11D3-BF4B-00C04F79EFBC}") = "BlazorWebAsm6App1.Server", "BlazorWebAsm6App1\Server\BlazorWebAsm6App1.Server.csproj", "{B4B7F314-3AF2-4186-BC7D-ED541561F5CF}"
EndProject
Project("{FAE04EC0-301F-11D3-BF4B-00C04F79EFBC}") = "BlazorWebAsm6App1.Client", "BlazorWebAsm6App1\Client\BlazorWebAsm6App1.Client.csproj", "{CA95D568-B23C-480F-A699-DC28EAA6EC72}"
EndProject
Project("{FAE04EC0-301F-11D3-BF4B-00C04F79EFBC}") = "BlazorWebAsm6App1.Shared", "BlazorWebAsm6App1\Shared\BlazorWebAsm6App1.Shared.csproj", "{D59F6FCC-C086-459A-86C9-ACD88B635778}"
EndProject
Global
	GlobalSection(SolutionConfigurationPlatforms) = preSolution
		Debug|Any CPU = Debug|Any CPU
		Release|Any CPU = Release|Any CPU
	EndGlobalSection
	GlobalSection(ProjectConfigurationPlatforms) = postSolution
		{B4B7F314-3AF2-4186-BC7D-ED541561F5CF}.Debug|Any CPU.ActiveCfg = Debug|Any CPU
		{B4B7F314-3AF2-4186-BC7D-ED541561F5CF}.Debug|Any CPU.Build.0 = Debug|Any CPU
		{B4B7F314-3AF2-4186-BC7D-ED541561F5CF}.Release|Any CPU.ActiveCfg = Release|Any CPU
		{B4B7F314-3AF2-4186-BC7D-ED541561F5CF}.Release|Any CPU.Build.0 = Release|Any CPU
		{CA95D568-B23C-480F-A699-DC28EAA6EC72}.Debug|Any CPU.ActiveCfg = Debug|Any CPU
		{CA95D568-B23C-480F-A699-DC28EAA6EC72}.Debug|Any CPU.Build.0 = Debug|Any CPU
		{CA95D568-B23C-480F-A699-DC28EAA6EC72}.Release|Any CPU.ActiveCfg = Release|Any CPU
		{CA95D568-B23C-480F-A699-DC28EAA6EC72}.Release|Any CPU.Build.0 = Release|Any CPU
		{D59F6FCC-C086-459A-86C9-ACD88B635778}.Debug|Any CPU.ActiveCfg = Debug|Any CPU
		{D59F6FCC-C086-459A-86C9-ACD88B635778}.Debug|Any CPU.Build.0 = Debug|Any CPU
		{D59F6FCC-C086-459A-86C9-ACD88B635778}.Release|Any CPU.ActiveCfg = Release|Any CPU
		{D59F6FCC-C086-459A-86C9-ACD88B635778}.Release|Any CPU.Build.0 = Release|Any CPU
	EndGlobalSection
	GlobalSection(SolutionProperties) = preSolution
		HideSolutionNode = FALSE
	EndGlobalSection
	GlobalSection(ExtensibilityGlobals) = postSolution
		SolutionGuid = {DD30E0E1-BAD2-45AC-85CF-32D165B54A79}
	EndGlobalSection
EndGlobal
