
Microsoft Visual Studio Solution File, Format Version 12.00
# Visual Studio Version 17
VisualStudioVersion = 17.0.32014.148
MinimumVisualStudioVersion = 10.0.40219.1
Project("{9A19103F-16F7-4668-BE54-9A1E7A4F7556}") = "DevTest", "DevTest\DevTest.csproj", "{840972C5-8B50-4EF4-BFB5-FFEC49E582BD}"
EndProject
Global
	GlobalSection(SolutionConfigurationPlatforms) = preSolution
		Debug|Any CPU = Debug|Any CPU
		Release|Any CPU = Release|Any CPU
	EndGlobalSection
	GlobalSection(ProjectConfigurationPlatforms) = postSolution
		{840972C5-8B50-4EF4-BFB5-FFEC49E582BD}.Debug|Any CPU.ActiveCfg = Debug|Any CPU
		{840972C5-8B50-4EF4-BFB5-FFEC49E582BD}.Debug|Any CPU.Build.0 = Debug|Any CPU
		{840972C5-8B50-4EF4-BFB5-FFEC49E582BD}.Release|Any CPU.ActiveCfg = Release|Any CPU
		{840972C5-8B50-4EF4-BFB5-FFEC49E582BD}.Release|Any CPU.Build.0 = Release|Any CPU
	EndGlobalSection
	GlobalSection(SolutionProperties) = preSolution
		HideSolutionNode = FALSE
	EndGlobalSection
	GlobalSection(ExtensibilityGlobals) = postSolution
		SolutionGuid = {C521A17C-F95C-43AE-BE56-2C2E87295AFA}
	EndGlobalSection
EndGlobal
