
Microsoft Visual Studio Solution File, Format Version 12.00
# Visual Studio Version 17
VisualStudioVersion = 17.0.32014.148
MinimumVisualStudioVersion = 10.0.40219.1
Project("{FAE04EC0-301F-11D3-BF4B-00C04F79EFBC}") = "WpfCore5App1", "WpfCore5App1\WpfCore5App1.csproj", "{E990424D-C143-4E2A-A7EB-06D29575C742}"
EndProject
Global
	GlobalSection(SolutionConfigurationPlatforms) = preSolution
		Debug|Any CPU = Debug|Any CPU
		Release|Any CPU = Release|Any CPU
	EndGlobalSection
	GlobalSection(ProjectConfigurationPlatforms) = postSolution
		{E990424D-C143-4E2A-A7EB-06D29575C742}.Debug|Any CPU.ActiveCfg = Debug|Any CPU
		{E990424D-C143-4E2A-A7EB-06D29575C742}.Debug|Any CPU.Build.0 = Debug|Any CPU
		{E990424D-C143-4E2A-A7EB-06D29575C742}.Release|Any CPU.ActiveCfg = Release|Any CPU
		{E990424D-C143-4E2A-A7EB-06D29575C742}.Release|Any CPU.Build.0 = Release|Any CPU
	EndGlobalSection
	GlobalSection(SolutionProperties) = preSolution
		HideSolutionNode = FALSE
	EndGlobalSection
	GlobalSection(ExtensibilityGlobals) = postSolution
		SolutionGuid = {92FA836A-3974-46E4-A954-E9DB6D0E2BDE}
	EndGlobalSection
EndGlobal
