
Microsoft Visual Studio Solution File, Format Version 12.00
# Visual Studio Version 17
VisualStudioVersion = 17.0.32014.148
MinimumVisualStudioVersion = 10.0.40219.1
Project("{FAE04EC0-301F-11D3-BF4B-00C04F79EFBC}") = "Core5WebAPI1", "Core5WebAPI1\Core5WebAPI1.csproj", "{81BB7FD5-F2D3-4748-B343-FC25CCCA437A}"
EndProject
Global
	GlobalSection(SolutionConfigurationPlatforms) = preSolution
		Debug|Any CPU = Debug|Any CPU
		Release|Any CPU = Release|Any CPU
	EndGlobalSection
	GlobalSection(ProjectConfigurationPlatforms) = postSolution
		{81BB7FD5-F2D3-4748-B343-FC25CCCA437A}.Debug|Any CPU.ActiveCfg = Debug|Any CPU
		{81BB7FD5-F2D3-4748-B343-FC25CCCA437A}.Debug|Any CPU.Build.0 = Debug|Any CPU
		{81BB7FD5-F2D3-4748-B343-FC25CCCA437A}.Release|Any CPU.ActiveCfg = Release|Any CPU
		{81BB7FD5-F2D3-4748-B343-FC25CCCA437A}.Release|Any CPU.Build.0 = Release|Any CPU
	EndGlobalSection
	GlobalSection(SolutionProperties) = preSolution
		HideSolutionNode = FALSE
	EndGlobalSection
	GlobalSection(ExtensibilityGlobals) = postSolution
		SolutionGuid = {E11EBB00-9B31-4219-A42A-FE2E0D5B706D}
	EndGlobalSection
EndGlobal
