
Microsoft Visual Studio Solution File, Format Version 12.00
# Visual Studio Version 16
VisualStudioVersion = 16.0.30907.101
MinimumVisualStudioVersion = 10.0.40219.1
Project("{9A19103F-16F7-4668-BE54-9A1E7A4F7556}") = "XamlWPFDemo", "XamlWPFDemo.csproj", "{7B5873BB-3554-41B9-968D-788DCCE8EC8D}"
EndProject
Global
	GlobalSection(SolutionConfigurationPlatforms) = preSolution
		Debug|Any CPU = Debug|Any CPU
		Release|Any CPU = Release|Any CPU
	EndGlobalSection
	GlobalSection(ProjectConfigurationPlatforms) = postSolution
		{7B5873BB-3554-41B9-968D-788DCCE8EC8D}.Debug|Any CPU.ActiveCfg = Debug|Any CPU
		{7B5873BB-3554-41B9-968D-788DCCE8EC8D}.Debug|Any CPU.Build.0 = Debug|Any CPU
		{7B5873BB-3554-41B9-968D-788DCCE8EC8D}.Release|Any CPU.ActiveCfg = Release|Any CPU
		{7B5873BB-3554-41B9-968D-788DCCE8EC8D}.Release|Any CPU.Build.0 = Release|Any CPU
	EndGlobalSection
	GlobalSection(SolutionProperties) = preSolution
		HideSolutionNode = FALSE
	EndGlobalSection
	GlobalSection(ExtensibilityGlobals) = postSolution
		SolutionGuid = {2410BDF0-8485-4EF7-B36F-5D48B5C874DB}
	EndGlobalSection
EndGlobal
