
Microsoft Visual Studio Solution File, Format Version 12.00
# Visual Studio Version 17
VisualStudioVersion = 17.0.32002.185
MinimumVisualStudioVersion = 10.0.40219.1
Project("{FAE04EC0-301F-11D3-BF4B-00C04F79EFBC}") = "ASPNETCore6MVC1", "ASPNETCore6MVC1\ASPNETCore6MVC1.csproj", "{488FE88A-3178-4BAD-85C8-B839979432D3}"
EndProject
Global
	GlobalSection(SolutionConfigurationPlatforms) = preSolution
		Debug|Any CPU = Debug|Any CPU
		Release|Any CPU = Release|Any CPU
	EndGlobalSection
	GlobalSection(ProjectConfigurationPlatforms) = postSolution
		{488FE88A-3178-4BAD-85C8-B839979432D3}.Debug|Any CPU.ActiveCfg = Debug|Any CPU
		{488FE88A-3178-4BAD-85C8-B839979432D3}.Debug|Any CPU.Build.0 = Debug|Any CPU
		{488FE88A-3178-4BAD-85C8-B839979432D3}.Release|Any CPU.ActiveCfg = Release|Any CPU
		{488FE88A-3178-4BAD-85C8-B839979432D3}.Release|Any CPU.Build.0 = Release|Any CPU
	EndGlobalSection
	GlobalSection(SolutionProperties) = preSolution
		HideSolutionNode = FALSE
	EndGlobalSection
	GlobalSection(ExtensibilityGlobals) = postSolution
		SolutionGuid = {980A630E-CD1D-48F4-93FC-9FD2B6604112}
	EndGlobalSection
EndGlobal
