
Microsoft Visual Studio Solution File, Format Version 12.00
# Visual Studio Version 17
VisualStudioVersion = 17.0.32014.148
MinimumVisualStudioVersion = 10.0.40219.1
Project("{FAE04EC0-301F-11D3-BF4B-00C04F79EFBC}") = "WinForms5App1", "WinForms5App1\WinForms5App1.csproj", "{BABFB595-734D-4B8B-9ECC-847D501DB595}"
EndProject
Global
	GlobalSection(SolutionConfigurationPlatforms) = preSolution
		Debug|Any CPU = Debug|Any CPU
		Release|Any CPU = Release|Any CPU
	EndGlobalSection
	GlobalSection(ProjectConfigurationPlatforms) = postSolution
		{BABFB595-734D-4B8B-9ECC-847D501DB595}.Debug|Any CPU.ActiveCfg = Debug|Any CPU
		{BABFB595-734D-4B8B-9ECC-847D501DB595}.Debug|Any CPU.Build.0 = Debug|Any CPU
		{BABFB595-734D-4B8B-9ECC-847D501DB595}.Release|Any CPU.ActiveCfg = Release|Any CPU
		{BABFB595-734D-4B8B-9ECC-847D501DB595}.Release|Any CPU.Build.0 = Release|Any CPU
	EndGlobalSection
	GlobalSection(SolutionProperties) = preSolution
		HideSolutionNode = FALSE
	EndGlobalSection
	GlobalSection(ExtensibilityGlobals) = postSolution
		SolutionGuid = {0B119705-2AAD-46C0-871F-92EBF51EE4F3}
	EndGlobalSection
EndGlobal
