
Microsoft Visual Studio Solution File, Format Version 12.00
# Visual Studio Version 17
VisualStudioVersion = 17.0.32014.148
MinimumVisualStudioVersion = 10.0.40219.1
Project("{FAE04EC0-301F-11D3-BF4B-00C04F79EFBC}") = "WpfCoreApp1", "WpfCoreApp1\WpfCoreApp1.csproj", "{A2F08E52-DA2C-4F48-AA40-7764B510FD6F}"
EndProject
Global
	GlobalSection(SolutionConfigurationPlatforms) = preSolution
		Debug|Any CPU = Debug|Any CPU
		Release|Any CPU = Release|Any CPU
	EndGlobalSection
	GlobalSection(ProjectConfigurationPlatforms) = postSolution
		{A2F08E52-DA2C-4F48-AA40-7764B510FD6F}.Debug|Any CPU.ActiveCfg = Debug|Any CPU
		{A2F08E52-DA2C-4F48-AA40-7764B510FD6F}.Debug|Any CPU.Build.0 = Debug|Any CPU
		{A2F08E52-DA2C-4F48-AA40-7764B510FD6F}.Release|Any CPU.ActiveCfg = Release|Any CPU
		{A2F08E52-DA2C-4F48-AA40-7764B510FD6F}.Release|Any CPU.Build.0 = Release|Any CPU
	EndGlobalSection
	GlobalSection(SolutionProperties) = preSolution
		HideSolutionNode = FALSE
	EndGlobalSection
	GlobalSection(ExtensibilityGlobals) = postSolution
		SolutionGuid = {20CAF436-F2E3-41E8-B157-251526DF2E07}
	EndGlobalSection
EndGlobal
